PODS:
  - SSZipArchive (2.5.4)
  - SwiftyRSA (1.7.0):
    - SwiftyRSA/ObjC (= 1.7.0)
  - SwiftyRSA/ObjC (1.7.0)

DEPENDENCIES:
  - SSZipArchive
  - SwiftyRSA

SPEC REPOS:
  trunk:
    - SSZipArchive
    - SwiftyRSA

SPEC CHECKSUMS:
  SSZipArchive: 285b618a158ebc421039c22db5b77d345c7c03db
  SwiftyRSA: 8c6dd1ea7db1b8dc4fb517a202f88bb1354bc2c6

PODFILE CHECKSUM: c93f703a3b8397e8fa3e50a2401d9af525ed466c

COCOAPODS: 1.14.3
