// !$*UTF8*$!
{
	archiveVersion = 1;
	classes = {
	};
	objectVersion = 56;
	objects = {

/* Begin PBXBuildFile section */
		236259CC291010F0007EC337 /* TeamMenuView.swift in Sources */ = {isa = PBXBuildFile; fileRef = 236259C8291010F0007EC337 /* TeamMenuView.swift */; };
		236259CD291010F0007EC337 /* GroupsSideView.swift in Sources */ = {isa = PBXBuildFile; fileRef = 236259C9291010F0007EC337 /* GroupsSideView.swift */; };
		236259CE291010F0007EC337 /* SideMenu.swift in Sources */ = {isa = PBXBuildFile; fileRef = 236259CA291010F0007EC337 /* SideMenu.swift */; };
		236259CF291010F0007EC337 /* IconMenuView.swift in Sources */ = {isa = PBXBuildFile; fileRef = 236259CB291010F0007EC337 /* IconMenuView.swift */; };
		236259D2291010FC007EC337 /* GroupViewModel.swift in Sources */ = {isa = PBXBuildFile; fileRef = 236259D1291010FC007EC337 /* GroupViewModel.swift */; };
		236259D52910110B007EC337 /* GroupData.swift in Sources */ = {isa = PBXBuildFile; fileRef = 236259D42910110B007EC337 /* GroupData.swift */; };
		23994E732910F5D500A832E4 /* RegistrationView.swift in Sources */ = {isa = PBXBuildFile; fileRef = 23994E722910F5D500A832E4 /* RegistrationView.swift */; };
		23994E752910F5EB00A832E4 /* LoginView.swift in Sources */ = {isa = PBXBuildFile; fileRef = 23994E742910F5EB00A832E4 /* LoginView.swift */; };
		23994E772910F67A00A832E4 /* RegistrationViewModel.swift in Sources */ = {isa = PBXBuildFile; fileRef = 23994E762910F67A00A832E4 /* RegistrationViewModel.swift */; };
		23994E7A2911925300A832E4 /* Color+Ext.swift in Sources */ = {isa = PBXBuildFile; fileRef = 23994E792911925300A832E4 /* Color+Ext.swift */; };
		23994E7C2911927700A832E4 /* View+Ext.swift in Sources */ = {isa = PBXBuildFile; fileRef = 23994E7B2911927700A832E4 /* View+Ext.swift */; };
		23E724702917A14100ECFA19 /* ProtectViewModel.swift in Sources */ = {isa = PBXBuildFile; fileRef = 23E7246F2917A14100ECFA19 /* ProtectViewModel.swift */; };
		23E724722918DD5300ECFA19 /* URL+Ext.swift in Sources */ = {isa = PBXBuildFile; fileRef = 23E724712918DD5300ECFA19 /* URL+Ext.swift */; };
		23E7247D29194DC000ECFA19 /* UserRightsView.swift in Sources */ = {isa = PBXBuildFile; fileRef = 23E7247929194DC000ECFA19 /* UserRightsView.swift */; };
		23E7247E29194DC000ECFA19 /* ProtectionTemplateView.swift in Sources */ = {isa = PBXBuildFile; fileRef = 23E7247A29194DC000ECFA19 /* ProtectionTemplateView.swift */; };
		23E7247F29194DC000ECFA19 /* TemplateView.swift in Sources */ = {isa = PBXBuildFile; fileRef = 23E7247B29194DC000ECFA19 /* TemplateView.swift */; };
		23E72481292A124A00ECFA19 /* AllTemplatesView.swift in Sources */ = {isa = PBXBuildFile; fileRef = 23E72480292A124A00ECFA19 /* AllTemplatesView.swift */; };
		23F8553F294CC1450068F285 /* Template.swift in Sources */ = {isa = PBXBuildFile; fileRef = 23F8553E294CC1450068F285 /* Template.swift */; };
		23F85541294CC15C0068F285 /* User.swift in Sources */ = {isa = PBXBuildFile; fileRef = 23F85540294CC15C0068F285 /* User.swift */; };
		23F85543294CC1890068F285 /* Attach.swift in Sources */ = {isa = PBXBuildFile; fileRef = 23F85542294CC1890068F285 /* Attach.swift */; };
		23F85545294DDC4C0068F285 /* LocalStorageEngine.swift in Sources */ = {isa = PBXBuildFile; fileRef = 23F85544294DDC4C0068F285 /* LocalStorageEngine.swift */; };
		23FFE8DD295844B70018A354 /* TemplateUserView.swift in Sources */ = {isa = PBXBuildFile; fileRef = 23FFE8DC295844B70018A354 /* TemplateUserView.swift */; };
		2C1BC09B290FEEB000B3AD7C /* Keychain.swift in Sources */ = {isa = PBXBuildFile; fileRef = 2C1BC09A290FEEB000B3AD7C /* Keychain.swift */; };
		2C1BC09D290FEF3F00B3AD7C /* KeychainHelper.swift in Sources */ = {isa = PBXBuildFile; fileRef = 2C1BC09C290FEF3F00B3AD7C /* KeychainHelper.swift */; };
		2C1BC0A1290FF23000B3AD7C /* RSA.swift in Sources */ = {isa = PBXBuildFile; fileRef = 2C1BC0A0290FF23000B3AD7C /* RSA.swift */; };
		2C1BC0A4290FFC6700B3AD7C /* Network.swift in Sources */ = {isa = PBXBuildFile; fileRef = 2C1BC0A3290FFC6700B3AD7C /* Network.swift */; };
		2C1BC0A7290FFCA800B3AD7C /* Alamofire in Frameworks */ = {isa = PBXBuildFile; productRef = 2C1BC0A6290FFCA800B3AD7C /* Alamofire */; };
		2C1BC0AA290FFCC400B3AD7C /* Log.swift in Sources */ = {isa = PBXBuildFile; fileRef = 2C1BC0A9290FFCC400B3AD7C /* Log.swift */; };
		2C1BC0AC290FFD2600B3AD7C /* Settings.swift in Sources */ = {isa = PBXBuildFile; fileRef = 2C1BC0AB290FFD2600B3AD7C /* Settings.swift */; };
		2C1BC0B229105E6C00B3AD7C /* public.pem in Resources */ = {isa = PBXBuildFile; fileRef = 2C1BC0B129105E6B00B3AD7C /* public.pem */; };
		2C34F3CD29254DFA00820FC4 /* SecureFileView.swift in Sources */ = {isa = PBXBuildFile; fileRef = 2C34F3CC29254DFA00820FC4 /* SecureFileView.swift */; };
		2C34F3E32926617B00820FC4 /* Poppins-LightItalic.ttf in Resources */ = {isa = PBXBuildFile; fileRef = 2C34F3D02926617A00820FC4 /* Poppins-LightItalic.ttf */; };
		2C34F3E42926617B00820FC4 /* Poppins-BoldItalic.ttf in Resources */ = {isa = PBXBuildFile; fileRef = 2C34F3D12926617A00820FC4 /* Poppins-BoldItalic.ttf */; };
		2C34F3E52926617B00820FC4 /* Poppins-BlackItalic.ttf in Resources */ = {isa = PBXBuildFile; fileRef = 2C34F3D22926617A00820FC4 /* Poppins-BlackItalic.ttf */; };
		2C34F3E62926617B00820FC4 /* Poppins-Light.ttf in Resources */ = {isa = PBXBuildFile; fileRef = 2C34F3D32926617A00820FC4 /* Poppins-Light.ttf */; };
		2C34F3E72926617B00820FC4 /* Poppins-MediumItalic.ttf in Resources */ = {isa = PBXBuildFile; fileRef = 2C34F3D42926617A00820FC4 /* Poppins-MediumItalic.ttf */; };
		2C34F3E82926617B00820FC4 /* Poppins-SemiBold.ttf in Resources */ = {isa = PBXBuildFile; fileRef = 2C34F3D52926617A00820FC4 /* Poppins-SemiBold.ttf */; };
		2C34F3E92926617B00820FC4 /* Poppins-Black.ttf in Resources */ = {isa = PBXBuildFile; fileRef = 2C34F3D62926617A00820FC4 /* Poppins-Black.ttf */; };
		2C34F3EA2926617B00820FC4 /* Poppins-SemiBoldItalic.ttf in Resources */ = {isa = PBXBuildFile; fileRef = 2C34F3D72926617B00820FC4 /* Poppins-SemiBoldItalic.ttf */; };
		2C34F3EB2926617B00820FC4 /* Poppins-Regular.ttf in Resources */ = {isa = PBXBuildFile; fileRef = 2C34F3D82926617B00820FC4 /* Poppins-Regular.ttf */; };
		2C34F3EC2926617B00820FC4 /* Poppins-ThinItalic.ttf in Resources */ = {isa = PBXBuildFile; fileRef = 2C34F3D92926617B00820FC4 /* Poppins-ThinItalic.ttf */; };
		2C34F3ED2926617B00820FC4 /* Poppins-Bold.ttf in Resources */ = {isa = PBXBuildFile; fileRef = 2C34F3DA2926617B00820FC4 /* Poppins-Bold.ttf */; };
		2C34F3EE2926617B00820FC4 /* Poppins-ExtraLight.ttf in Resources */ = {isa = PBXBuildFile; fileRef = 2C34F3DB2926617B00820FC4 /* Poppins-ExtraLight.ttf */; };
		2C34F3F02926617B00820FC4 /* Poppins-Thin.ttf in Resources */ = {isa = PBXBuildFile; fileRef = 2C34F3DD2926617B00820FC4 /* Poppins-Thin.ttf */; };
		2C34F3F12926617B00820FC4 /* Poppins-ExtraBoldItalic.ttf in Resources */ = {isa = PBXBuildFile; fileRef = 2C34F3DE2926617B00820FC4 /* Poppins-ExtraBoldItalic.ttf */; };
		2C34F3F22926617B00820FC4 /* Poppins-ExtraBold.ttf in Resources */ = {isa = PBXBuildFile; fileRef = 2C34F3DF2926617B00820FC4 /* Poppins-ExtraBold.ttf */; };
		2C34F3F32926617B00820FC4 /* Poppins-Italic.ttf in Resources */ = {isa = PBXBuildFile; fileRef = 2C34F3E02926617B00820FC4 /* Poppins-Italic.ttf */; };
		2C34F3F42926617B00820FC4 /* Poppins-Medium.ttf in Resources */ = {isa = PBXBuildFile; fileRef = 2C34F3E12926617B00820FC4 /* Poppins-Medium.ttf */; };
		2C34F3F52926617B00820FC4 /* Poppins-ExtraLightItalic.ttf in Resources */ = {isa = PBXBuildFile; fileRef = 2C34F3E22926617B00820FC4 /* Poppins-ExtraLightItalic.ttf */; };
		2C34F3F72926621000820FC4 /* fonts.swift in Sources */ = {isa = PBXBuildFile; fileRef = 2C34F3F62926621000820FC4 /* fonts.swift */; };
		2C592DB92916946400CC4518 /* Certification.swift in Sources */ = {isa = PBXBuildFile; fileRef = 2C592DB82916946400CC4518 /* Certification.swift */; };
		2C75701B292439F20043B464 /* SwiftyJSON in Frameworks */ = {isa = PBXBuildFile; productRef = 2C75701A292439F20043B464 /* SwiftyJSON */; };
		2C75701D2924496C0043B464 /* ADFS.swift in Sources */ = {isa = PBXBuildFile; fileRef = 2C75701C2924496C0043B464 /* ADFS.swift */; };
		2CEF745829267FB7009663C8 /* FilePreview.swift in Sources */ = {isa = PBXBuildFile; fileRef = 2CEF745729267FB7009663C8 /* FilePreview.swift */; };
		CAC626C503C0B776C3E7A888 /* Pods_EncryptFile.framework in Frameworks */ = {isa = PBXBuildFile; fileRef = A099DAB57C27A81ECEAD3072 /* Pods_EncryptFile.framework */; };
		D49D419F2949273A00C66F0E /* ActivityIndicator.swift in Sources */ = {isa = PBXBuildFile; fileRef = D49D419E2949273A00C66F0E /* ActivityIndicator.swift */; };
		D4A308B8294E208300CAEB5F /* APINotifications.swift in Sources */ = {isa = PBXBuildFile; fileRef = D4A308B7294E208300CAEB5F /* APINotifications.swift */; };
		D4A308BB294E22C200CAEB5F /* NotificationsView.swift in Sources */ = {isa = PBXBuildFile; fileRef = D4A308BA294E22C200CAEB5F /* NotificationsView.swift */; };
		D4F36F5C29086AA300EF7C85 /* EncryptFileApp.swift in Sources */ = {isa = PBXBuildFile; fileRef = D4F36F5B29086AA300EF7C85 /* EncryptFileApp.swift */; };
		D4F36F5E29086AA300EF7C85 /* ContentView.swift in Sources */ = {isa = PBXBuildFile; fileRef = D4F36F5D29086AA300EF7C85 /* ContentView.swift */; };
		D4F36F6029086AA400EF7C85 /* Assets.xcassets in Resources */ = {isa = PBXBuildFile; fileRef = D4F36F5F29086AA400EF7C85 /* Assets.xcassets */; };
		D4F36F6329086AA400EF7C85 /* Preview Assets.xcassets in Resources */ = {isa = PBXBuildFile; fileRef = D4F36F6229086AA400EF7C85 /* Preview Assets.xcassets */; };
		D4F36F6B29086BC800EF7C85 /* EncryptionEngine.swift in Sources */ = {isa = PBXBuildFile; fileRef = D4F36F6A29086BC800EF7C85 /* EncryptionEngine.swift */; };
		D4F36F6D29086E6900EF7C85 /* AES.swift in Sources */ = {isa = PBXBuildFile; fileRef = D4F36F6C29086E6900EF7C85 /* AES.swift */; };
		D4F36F7029086EA000EF7C85 /* AESHelper.swift in Sources */ = {isa = PBXBuildFile; fileRef = D4F36F6F29086EA000EF7C85 /* AESHelper.swift */; };
		D4F36F722908717900EF7C85 /* Polygone.swift in Sources */ = {isa = PBXBuildFile; fileRef = D4F36F712908717900EF7C85 /* Polygone.swift */; };
		D4F36F74290871DE00EF7C85 /* test.txt in Resources */ = {isa = PBXBuildFile; fileRef = D4F36F73290871DE00EF7C85 /* test.txt */; };
		D4F36F792908870900EF7C85 /* FileEngine.swift in Sources */ = {isa = PBXBuildFile; fileRef = D4F36F782908870900EF7C85 /* FileEngine.swift */; };
		D4F36F7C2908898000EF7C85 /* ZIPFoundation in Frameworks */ = {isa = PBXBuildFile; productRef = D4F36F7B2908898000EF7C85 /* ZIPFoundation */; };
		D4F36F7E2909500F00EF7C85 /* LocalFileEngine.swift in Sources */ = {isa = PBXBuildFile; fileRef = D4F36F7D2909500F00EF7C85 /* LocalFileEngine.swift */; };
		D4F36F802909922400EF7C85 /* License.swift in Sources */ = {isa = PBXBuildFile; fileRef = D4F36F7F2909922400EF7C85 /* License.swift */; };
		D4F36F832909AE7100EF7C85 /* FileDocumentStruct.swift in Sources */ = {isa = PBXBuildFile; fileRef = D4F36F822909AE7100EF7C85 /* FileDocumentStruct.swift */; };
		D4F36F862909D96D00EF7C85 /* MD5.swift in Sources */ = {isa = PBXBuildFile; fileRef = D4F36F852909D96D00EF7C85 /* MD5.swift */; };
		D4F36F882909DA3500EF7C85 /* FileSize.swift in Sources */ = {isa = PBXBuildFile; fileRef = D4F36F872909DA3500EF7C85 /* FileSize.swift */; };
		D4FFFD8C2956111F0018C730 /* SettingsView.swift in Sources */ = {isa = PBXBuildFile; fileRef = D4FFFD8B2956111F0018C730 /* SettingsView.swift */; };
		D4FFFD8E295611FA0018C730 /* SupportView.swift in Sources */ = {isa = PBXBuildFile; fileRef = D4FFFD8D295611FA0018C730 /* SupportView.swift */; };
		D4FFFD90295629F10018C730 /* RightsView.swift in Sources */ = {isa = PBXBuildFile; fileRef = D4FFFD8F295629F10018C730 /* RightsView.swift */; };
		D4FFFD92295740ED0018C730 /* PinView.swift in Sources */ = {isa = PBXBuildFile; fileRef = D4FFFD91295740ED0018C730 /* PinView.swift */; };
		D4FFFD94295742500018C730 /* NCRPTWatchSDK.swift in Sources */ = {isa = PBXBuildFile; fileRef = D4FFFD93295742500018C730 /* NCRPTWatchSDK.swift */; };
		D4FFFD96295743B70018C730 /* NCRPTAuthSDK.swift in Sources */ = {isa = PBXBuildFile; fileRef = D4FFFD95295743B70018C730 /* NCRPTAuthSDK.swift */; };
		D4FFFD99295761DA0018C730 /* Defaults.swift in Sources */ = {isa = PBXBuildFile; fileRef = D4FFFD98295761DA0018C730 /* Defaults.swift */; };
/* End PBXBuildFile section */

/* Begin PBXFileReference section */
		236259C8291010F0007EC337 /* TeamMenuView.swift */ = {isa = PBXFileReference; fileEncoding = 4; lastKnownFileType = sourcecode.swift; path = TeamMenuView.swift; sourceTree = "<group>"; };
		236259C9291010F0007EC337 /* GroupsSideView.swift */ = {isa = PBXFileReference; fileEncoding = 4; lastKnownFileType = sourcecode.swift; path = GroupsSideView.swift; sourceTree = "<group>"; };
		236259CA291010F0007EC337 /* SideMenu.swift */ = {isa = PBXFileReference; fileEncoding = 4; lastKnownFileType = sourcecode.swift; path = SideMenu.swift; sourceTree = "<group>"; };
		236259CB291010F0007EC337 /* IconMenuView.swift */ = {isa = PBXFileReference; fileEncoding = 4; lastKnownFileType = sourcecode.swift; path = IconMenuView.swift; sourceTree = "<group>"; };
		236259D1291010FC007EC337 /* GroupViewModel.swift */ = {isa = PBXFileReference; fileEncoding = 4; lastKnownFileType = sourcecode.swift; path = GroupViewModel.swift; sourceTree = "<group>"; };
		236259D42910110B007EC337 /* GroupData.swift */ = {isa = PBXFileReference; fileEncoding = 4; lastKnownFileType = sourcecode.swift; path = GroupData.swift; sourceTree = "<group>"; };
		23994E722910F5D500A832E4 /* RegistrationView.swift */ = {isa = PBXFileReference; lastKnownFileType = sourcecode.swift; path = RegistrationView.swift; sourceTree = "<group>"; };
		23994E742910F5EB00A832E4 /* LoginView.swift */ = {isa = PBXFileReference; lastKnownFileType = sourcecode.swift; path = LoginView.swift; sourceTree = "<group>"; };
		23994E762910F67A00A832E4 /* RegistrationViewModel.swift */ = {isa = PBXFileReference; lastKnownFileType = sourcecode.swift; path = RegistrationViewModel.swift; sourceTree = "<group>"; };
		23994E792911925300A832E4 /* Color+Ext.swift */ = {isa = PBXFileReference; lastKnownFileType = sourcecode.swift; path = "Color+Ext.swift"; sourceTree = "<group>"; };
		23994E7B2911927700A832E4 /* View+Ext.swift */ = {isa = PBXFileReference; lastKnownFileType = sourcecode.swift; path = "View+Ext.swift"; sourceTree = "<group>"; };
		23E7246F2917A14100ECFA19 /* ProtectViewModel.swift */ = {isa = PBXFileReference; lastKnownFileType = sourcecode.swift; path = ProtectViewModel.swift; sourceTree = "<group>"; };
		23E724712918DD5300ECFA19 /* URL+Ext.swift */ = {isa = PBXFileReference; lastKnownFileType = sourcecode.swift; path = "URL+Ext.swift"; sourceTree = "<group>"; };
		23E7247929194DC000ECFA19 /* UserRightsView.swift */ = {isa = PBXFileReference; fileEncoding = 4; lastKnownFileType = sourcecode.swift; path = UserRightsView.swift; sourceTree = "<group>"; };
		23E7247A29194DC000ECFA19 /* ProtectionTemplateView.swift */ = {isa = PBXFileReference; fileEncoding = 4; lastKnownFileType = sourcecode.swift; path = ProtectionTemplateView.swift; sourceTree = "<group>"; };
		23E7247B29194DC000ECFA19 /* TemplateView.swift */ = {isa = PBXFileReference; fileEncoding = 4; lastKnownFileType = sourcecode.swift; path = TemplateView.swift; sourceTree = "<group>"; };
		23E72480292A124A00ECFA19 /* AllTemplatesView.swift */ = {isa = PBXFileReference; lastKnownFileType = sourcecode.swift; path = AllTemplatesView.swift; sourceTree = "<group>"; };
		23F8553E294CC1450068F285 /* Template.swift */ = {isa = PBXFileReference; lastKnownFileType = sourcecode.swift; path = Template.swift; sourceTree = "<group>"; };
		23F85540294CC15C0068F285 /* User.swift */ = {isa = PBXFileReference; lastKnownFileType = sourcecode.swift; path = User.swift; sourceTree = "<group>"; };
		23F85542294CC1890068F285 /* Attach.swift */ = {isa = PBXFileReference; lastKnownFileType = sourcecode.swift; path = Attach.swift; sourceTree = "<group>"; };
		23F85544294DDC4C0068F285 /* LocalStorageEngine.swift */ = {isa = PBXFileReference; lastKnownFileType = sourcecode.swift; path = LocalStorageEngine.swift; sourceTree = "<group>"; };
		23FFE8DC295844B70018A354 /* TemplateUserView.swift */ = {isa = PBXFileReference; lastKnownFileType = sourcecode.swift; path = TemplateUserView.swift; sourceTree = "<group>"; };
		2C1BC09A290FEEB000B3AD7C /* Keychain.swift */ = {isa = PBXFileReference; lastKnownFileType = sourcecode.swift; path = Keychain.swift; sourceTree = "<group>"; };
		2C1BC09C290FEF3F00B3AD7C /* KeychainHelper.swift */ = {isa = PBXFileReference; lastKnownFileType = sourcecode.swift; path = KeychainHelper.swift; sourceTree = "<group>"; };
		2C1BC0A0290FF23000B3AD7C /* RSA.swift */ = {isa = PBXFileReference; lastKnownFileType = sourcecode.swift; path = RSA.swift; sourceTree = "<group>"; };
		2C1BC0A3290FFC6700B3AD7C /* Network.swift */ = {isa = PBXFileReference; lastKnownFileType = sourcecode.swift; path = Network.swift; sourceTree = "<group>"; };
		2C1BC0A9290FFCC400B3AD7C /* Log.swift */ = {isa = PBXFileReference; lastKnownFileType = sourcecode.swift; path = Log.swift; sourceTree = "<group>"; };
		2C1BC0AB290FFD2600B3AD7C /* Settings.swift */ = {isa = PBXFileReference; lastKnownFileType = sourcecode.swift; path = Settings.swift; sourceTree = "<group>"; };
		2C1BC0B129105E6B00B3AD7C /* public.pem */ = {isa = PBXFileReference; fileEncoding = 4; lastKnownFileType = text; path = public.pem; sourceTree = "<group>"; };
		2C34F3CC29254DFA00820FC4 /* SecureFileView.swift */ = {isa = PBXFileReference; lastKnownFileType = sourcecode.swift; path = SecureFileView.swift; sourceTree = "<group>"; };
		2C34F3D02926617A00820FC4 /* Poppins-LightItalic.ttf */ = {isa = PBXFileReference; lastKnownFileType = file; path = "Poppins-LightItalic.ttf"; sourceTree = "<group>"; };
		2C34F3D12926617A00820FC4 /* Poppins-BoldItalic.ttf */ = {isa = PBXFileReference; lastKnownFileType = file; path = "Poppins-BoldItalic.ttf"; sourceTree = "<group>"; };
		2C34F3D22926617A00820FC4 /* Poppins-BlackItalic.ttf */ = {isa = PBXFileReference; lastKnownFileType = file; path = "Poppins-BlackItalic.ttf"; sourceTree = "<group>"; };
		2C34F3D32926617A00820FC4 /* Poppins-Light.ttf */ = {isa = PBXFileReference; lastKnownFileType = file; path = "Poppins-Light.ttf"; sourceTree = "<group>"; };
		2C34F3D42926617A00820FC4 /* Poppins-MediumItalic.ttf */ = {isa = PBXFileReference; lastKnownFileType = file; path = "Poppins-MediumItalic.ttf"; sourceTree = "<group>"; };
		2C34F3D52926617A00820FC4 /* Poppins-SemiBold.ttf */ = {isa = PBXFileReference; lastKnownFileType = file; path = "Poppins-SemiBold.ttf"; sourceTree = "<group>"; };
		2C34F3D62926617A00820FC4 /* Poppins-Black.ttf */ = {isa = PBXFileReference; lastKnownFileType = file; path = "Poppins-Black.ttf"; sourceTree = "<group>"; };
		2C34F3D72926617B00820FC4 /* Poppins-SemiBoldItalic.ttf */ = {isa = PBXFileReference; lastKnownFileType = file; path = "Poppins-SemiBoldItalic.ttf"; sourceTree = "<group>"; };
		2C34F3D82926617B00820FC4 /* Poppins-Regular.ttf */ = {isa = PBXFileReference; lastKnownFileType = file; path = "Poppins-Regular.ttf"; sourceTree = "<group>"; };
		2C34F3D92926617B00820FC4 /* Poppins-ThinItalic.ttf */ = {isa = PBXFileReference; lastKnownFileType = file; path = "Poppins-ThinItalic.ttf"; sourceTree = "<group>"; };
		2C34F3DA2926617B00820FC4 /* Poppins-Bold.ttf */ = {isa = PBXFileReference; lastKnownFileType = file; path = "Poppins-Bold.ttf"; sourceTree = "<group>"; };
		2C34F3DB2926617B00820FC4 /* Poppins-ExtraLight.ttf */ = {isa = PBXFileReference; lastKnownFileType = file; path = "Poppins-ExtraLight.ttf"; sourceTree = "<group>"; };
		2C34F3DD2926617B00820FC4 /* Poppins-Thin.ttf */ = {isa = PBXFileReference; lastKnownFileType = file; path = "Poppins-Thin.ttf"; sourceTree = "<group>"; };
		2C34F3DE2926617B00820FC4 /* Poppins-ExtraBoldItalic.ttf */ = {isa = PBXFileReference; lastKnownFileType = file; path = "Poppins-ExtraBoldItalic.ttf"; sourceTree = "<group>"; };
		2C34F3DF2926617B00820FC4 /* Poppins-ExtraBold.ttf */ = {isa = PBXFileReference; lastKnownFileType = file; path = "Poppins-ExtraBold.ttf"; sourceTree = "<group>"; };
		2C34F3E02926617B00820FC4 /* Poppins-Italic.ttf */ = {isa = PBXFileReference; lastKnownFileType = file; path = "Poppins-Italic.ttf"; sourceTree = "<group>"; };
		2C34F3E12926617B00820FC4 /* Poppins-Medium.ttf */ = {isa = PBXFileReference; lastKnownFileType = file; path = "Poppins-Medium.ttf"; sourceTree = "<group>"; };
		2C34F3E22926617B00820FC4 /* Poppins-ExtraLightItalic.ttf */ = {isa = PBXFileReference; lastKnownFileType = file; path = "Poppins-ExtraLightItalic.ttf"; sourceTree = "<group>"; };
		2C34F3F62926621000820FC4 /* fonts.swift */ = {isa = PBXFileReference; lastKnownFileType = sourcecode.swift; path = fonts.swift; sourceTree = "<group>"; };
		2C592DB82916946400CC4518 /* Certification.swift */ = {isa = PBXFileReference; lastKnownFileType = sourcecode.swift; path = Certification.swift; sourceTree = "<group>"; };
		2C75701C2924496C0043B464 /* ADFS.swift */ = {isa = PBXFileReference; lastKnownFileType = sourcecode.swift; path = ADFS.swift; sourceTree = "<group>"; };
		2CEF745729267FB7009663C8 /* FilePreview.swift */ = {isa = PBXFileReference; lastKnownFileType = sourcecode.swift; path = FilePreview.swift; sourceTree = "<group>"; };
		3AE40F6516B80AD996D0E26C /* Pods-EncryptFile.release.xcconfig */ = {isa = PBXFileReference; includeInIndex = 1; lastKnownFileType = text.xcconfig; name = "Pods-EncryptFile.release.xcconfig"; path = "Target Support Files/Pods-EncryptFile/Pods-EncryptFile.release.xcconfig"; sourceTree = "<group>"; };
		A099DAB57C27A81ECEAD3072 /* Pods_EncryptFile.framework */ = {isa = PBXFileReference; explicitFileType = wrapper.framework; includeInIndex = 0; path = Pods_EncryptFile.framework; sourceTree = BUILT_PRODUCTS_DIR; };
		A1D9F4C2828C34ED673B7C13 /* Pods-EncryptFile.debug.xcconfig */ = {isa = PBXFileReference; includeInIndex = 1; lastKnownFileType = text.xcconfig; name = "Pods-EncryptFile.debug.xcconfig"; path = "Target Support Files/Pods-EncryptFile/Pods-EncryptFile.debug.xcconfig"; sourceTree = "<group>"; };
		D49D419E2949273A00C66F0E /* ActivityIndicator.swift */ = {isa = PBXFileReference; lastKnownFileType = sourcecode.swift; path = ActivityIndicator.swift; sourceTree = "<group>"; };
		D4A308B7294E208300CAEB5F /* APINotifications.swift */ = {isa = PBXFileReference; lastKnownFileType = sourcecode.swift; path = APINotifications.swift; sourceTree = "<group>"; };
		D4A308BA294E22C200CAEB5F /* NotificationsView.swift */ = {isa = PBXFileReference; lastKnownFileType = sourcecode.swift; path = NotificationsView.swift; sourceTree = "<group>"; };
		D4F36F5829086AA300EF7C85 /* EncryptFile.app */ = {isa = PBXFileReference; explicitFileType = wrapper.application; includeInIndex = 0; path = EncryptFile.app; sourceTree = BUILT_PRODUCTS_DIR; };
		D4F36F5B29086AA300EF7C85 /* EncryptFileApp.swift */ = {isa = PBXFileReference; lastKnownFileType = sourcecode.swift; path = EncryptFileApp.swift; sourceTree = "<group>"; };
		D4F36F5D29086AA300EF7C85 /* ContentView.swift */ = {isa = PBXFileReference; lastKnownFileType = sourcecode.swift; path = ContentView.swift; sourceTree = "<group>"; };
		D4F36F5F29086AA400EF7C85 /* Assets.xcassets */ = {isa = PBXFileReference; lastKnownFileType = folder.assetcatalog; path = Assets.xcassets; sourceTree = "<group>"; };
		D4F36F6229086AA400EF7C85 /* Preview Assets.xcassets */ = {isa = PBXFileReference; lastKnownFileType = folder.assetcatalog; path = "Preview Assets.xcassets"; sourceTree = "<group>"; };
		D4F36F6A29086BC800EF7C85 /* EncryptionEngine.swift */ = {isa = PBXFileReference; lastKnownFileType = sourcecode.swift; path = EncryptionEngine.swift; sourceTree = "<group>"; };
		D4F36F6C29086E6900EF7C85 /* AES.swift */ = {isa = PBXFileReference; lastKnownFileType = sourcecode.swift; path = AES.swift; sourceTree = "<group>"; };
		D4F36F6F29086EA000EF7C85 /* AESHelper.swift */ = {isa = PBXFileReference; lastKnownFileType = sourcecode.swift; path = AESHelper.swift; sourceTree = "<group>"; };
		D4F36F712908717900EF7C85 /* Polygone.swift */ = {isa = PBXFileReference; lastKnownFileType = sourcecode.swift; path = Polygone.swift; sourceTree = "<group>"; };
		D4F36F73290871DE00EF7C85 /* test.txt */ = {isa = PBXFileReference; fileEncoding = 4; lastKnownFileType = text; path = test.txt; sourceTree = "<group>"; };
		D4F36F782908870900EF7C85 /* FileEngine.swift */ = {isa = PBXFileReference; lastKnownFileType = sourcecode.swift; path = FileEngine.swift; sourceTree = "<group>"; };
		D4F36F7D2909500F00EF7C85 /* LocalFileEngine.swift */ = {isa = PBXFileReference; lastKnownFileType = sourcecode.swift; path = LocalFileEngine.swift; sourceTree = "<group>"; };
		D4F36F7F2909922400EF7C85 /* License.swift */ = {isa = PBXFileReference; lastKnownFileType = sourcecode.swift; path = License.swift; sourceTree = "<group>"; };
		D4F36F822909AE7100EF7C85 /* FileDocumentStruct.swift */ = {isa = PBXFileReference; lastKnownFileType = sourcecode.swift; path = FileDocumentStruct.swift; sourceTree = "<group>"; };
		D4F36F842909B7A000EF7C85 /* Info.plist */ = {isa = PBXFileReference; lastKnownFileType = text.plist; path = Info.plist; sourceTree = "<group>"; };
		D4F36F852909D96D00EF7C85 /* MD5.swift */ = {isa = PBXFileReference; lastKnownFileType = sourcecode.swift; path = MD5.swift; sourceTree = "<group>"; };
		D4F36F872909DA3500EF7C85 /* FileSize.swift */ = {isa = PBXFileReference; lastKnownFileType = sourcecode.swift; path = FileSize.swift; sourceTree = "<group>"; };
		D4FFFD8B2956111F0018C730 /* SettingsView.swift */ = {isa = PBXFileReference; lastKnownFileType = sourcecode.swift; path = SettingsView.swift; sourceTree = "<group>"; };
		D4FFFD8D295611FA0018C730 /* SupportView.swift */ = {isa = PBXFileReference; lastKnownFileType = sourcecode.swift; path = SupportView.swift; sourceTree = "<group>"; };
		D4FFFD8F295629F10018C730 /* RightsView.swift */ = {isa = PBXFileReference; lastKnownFileType = sourcecode.swift; path = RightsView.swift; sourceTree = "<group>"; };
		D4FFFD91295740ED0018C730 /* PinView.swift */ = {isa = PBXFileReference; lastKnownFileType = sourcecode.swift; path = PinView.swift; sourceTree = "<group>"; };
		D4FFFD93295742500018C730 /* NCRPTWatchSDK.swift */ = {isa = PBXFileReference; lastKnownFileType = sourcecode.swift; path = NCRPTWatchSDK.swift; sourceTree = "<group>"; };
		D4FFFD95295743B70018C730 /* NCRPTAuthSDK.swift */ = {isa = PBXFileReference; lastKnownFileType = sourcecode.swift; path = NCRPTAuthSDK.swift; sourceTree = "<group>"; };
		D4FFFD98295761DA0018C730 /* Defaults.swift */ = {isa = PBXFileReference; lastKnownFileType = sourcecode.swift; path = Defaults.swift; sourceTree = "<group>"; };
/* End PBXFileReference section */

/* Begin PBXFrameworksBuildPhase section */
		D4F36F5529086AA300EF7C85 /* Frameworks */ = {
			isa = PBXFrameworksBuildPhase;
			buildActionMask = 2147483647;
			files = (
				2C1BC0A7290FFCA800B3AD7C /* Alamofire in Frameworks */,
				D4F36F7C2908898000EF7C85 /* ZIPFoundation in Frameworks */,
				2C75701B292439F20043B464 /* SwiftyJSON in Frameworks */,
				CAC626C503C0B776C3E7A888 /* Pods_EncryptFile.framework in Frameworks */,
			);
			runOnlyForDeploymentPostprocessing = 0;
		};
/* End PBXFrameworksBuildPhase section */

/* Begin PBXGroup section */
		0A19F29C9B04D17EC16F73E8 /* Pods */ = {
			isa = PBXGroup;
			children = (
				A1D9F4C2828C34ED673B7C13 /* Pods-EncryptFile.debug.xcconfig */,
				3AE40F6516B80AD996D0E26C /* Pods-EncryptFile.release.xcconfig */,
			);
			path = Pods;
			sourceTree = "<group>";
		};
		236259C7291010F0007EC337 /* Views */ = {
			isa = PBXGroup;
			children = (
				D4A308B9294E22AE00CAEB5F /* SideMenu */,
				23E7247729194D9800ECFA19 /* Encryption */,
				23994E712910F58100A832E4 /* Authorization */,
				236259C8291010F0007EC337 /* TeamMenuView.swift */,
				236259C9291010F0007EC337 /* GroupsSideView.swift */,
				236259CA291010F0007EC337 /* SideMenu.swift */,
				236259CB291010F0007EC337 /* IconMenuView.swift */,
			);
			path = Views;
			sourceTree = "<group>";
		};
		236259D0291010FC007EC337 /* ViewModels */ = {
			isa = PBXGroup;
			children = (
				236259D1291010FC007EC337 /* GroupViewModel.swift */,
				23994E762910F67A00A832E4 /* RegistrationViewModel.swift */,
				23E7246F2917A14100ECFA19 /* ProtectViewModel.swift */,
			);
			path = ViewModels;
			sourceTree = "<group>";
		};
		236259D32910110B007EC337 /* Models */ = {
			isa = PBXGroup;
			children = (
				236259D42910110B007EC337 /* GroupData.swift */,
				23F8553E294CC1450068F285 /* Template.swift */,
				23F85540294CC15C0068F285 /* User.swift */,
				23F85542294CC1890068F285 /* Attach.swift */,
			);
			path = Models;
			sourceTree = "<group>";
		};
		23994E712910F58100A832E4 /* Authorization */ = {
			isa = PBXGroup;
			children = (
				23994E722910F5D500A832E4 /* RegistrationView.swift */,
				23994E742910F5EB00A832E4 /* LoginView.swift */,
				D4FFFD91295740ED0018C730 /* PinView.swift */,
				D4FFFD93295742500018C730 /* NCRPTWatchSDK.swift */,
				D4FFFD95295743B70018C730 /* NCRPTAuthSDK.swift */,
			);
			path = Authorization;
			sourceTree = "<group>";
		};
		23994E782911920E00A832E4 /* Extensions */ = {
			isa = PBXGroup;
			children = (
				23994E792911925300A832E4 /* Color+Ext.swift */,
				23994E7B2911927700A832E4 /* View+Ext.swift */,
				23E724712918DD5300ECFA19 /* URL+Ext.swift */,
			);
			path = Extensions;
			sourceTree = "<group>";
		};
		23E7247729194D9800ECFA19 /* Encryption */ = {
			isa = PBXGroup;
			children = (
				23E7247A29194DC000ECFA19 /* ProtectionTemplateView.swift */,
				23E7247B29194DC000ECFA19 /* TemplateView.swift */,
				23E7247929194DC000ECFA19 /* UserRightsView.swift */,
				23E72480292A124A00ECFA19 /* AllTemplatesView.swift */,
				23FFE8DC295844B70018A354 /* TemplateUserView.swift */,
			);
			path = Encryption;
			sourceTree = "<group>";
		};
		2C1BC099290FEE9C00B3AD7C /* Keychain */ = {
			isa = PBXGroup;
			children = (
				2C1BC09A290FEEB000B3AD7C /* Keychain.swift */,
				2C1BC09C290FEF3F00B3AD7C /* KeychainHelper.swift */,
				2C592DB82916946400CC4518 /* Certification.swift */,
			);
			path = Keychain;
			sourceTree = "<group>";
		};
		2C1BC09E290FEFB400B3AD7C /* RSA */ = {
			isa = PBXGroup;
			children = (
				2C1BC0A0290FF23000B3AD7C /* RSA.swift */,
			);
			path = RSA;
			sourceTree = "<group>";
		};
		2C1BC0A2290FFC5500B3AD7C /* Network */ = {
			isa = PBXGroup;
			children = (
				2C1BC0A3290FFC6700B3AD7C /* Network.swift */,
				2C75701C2924496C0043B464 /* ADFS.swift */,
				D4A308B7294E208300CAEB5F /* APINotifications.swift */,
			);
			path = Network;
			sourceTree = "<group>";
		};
		2C1BC0A8290FFCBA00B3AD7C /* Log */ = {
			isa = PBXGroup;
			children = (
				2C1BC0A9290FFCC400B3AD7C /* Log.swift */,
			);
			path = Log;
			sourceTree = "<group>";
		};
		2C34F3CE2926616600820FC4 /* Fonts */ = {
			isa = PBXGroup;
			children = (
				2C34F3CF2926616F00820FC4 /* Poppins */,
				2C34F3F62926621000820FC4 /* fonts.swift */,
			);
			path = Fonts;
			sourceTree = "<group>";
		};
		2C34F3CF2926616F00820FC4 /* Poppins */ = {
			isa = PBXGroup;
			children = (
				2C34F3D62926617A00820FC4 /* Poppins-Black.ttf */,
				2C34F3D22926617A00820FC4 /* Poppins-BlackItalic.ttf */,
				2C34F3DA2926617B00820FC4 /* Poppins-Bold.ttf */,
				2C34F3D12926617A00820FC4 /* Poppins-BoldItalic.ttf */,
				2C34F3DF2926617B00820FC4 /* Poppins-ExtraBold.ttf */,
				2C34F3DE2926617B00820FC4 /* Poppins-ExtraBoldItalic.ttf */,
				2C34F3DB2926617B00820FC4 /* Poppins-ExtraLight.ttf */,
				2C34F3E22926617B00820FC4 /* Poppins-ExtraLightItalic.ttf */,
				2C34F3E02926617B00820FC4 /* Poppins-Italic.ttf */,
				2C34F3D32926617A00820FC4 /* Poppins-Light.ttf */,
				2C34F3D02926617A00820FC4 /* Poppins-LightItalic.ttf */,
				2C34F3E12926617B00820FC4 /* Poppins-Medium.ttf */,
				2C34F3D42926617A00820FC4 /* Poppins-MediumItalic.ttf */,
				2C34F3D82926617B00820FC4 /* Poppins-Regular.ttf */,
				2C34F3D52926617A00820FC4 /* Poppins-SemiBold.ttf */,
				2C34F3D72926617B00820FC4 /* Poppins-SemiBoldItalic.ttf */,
				2C34F3DD2926617B00820FC4 /* Poppins-Thin.ttf */,
				2C34F3D92926617B00820FC4 /* Poppins-ThinItalic.ttf */,
			);
			path = Poppins;
			sourceTree = "<group>";
		};
		61DFDEA360CDE2553ACB5C71 /* Frameworks */ = {
			isa = PBXGroup;
			children = (
				A099DAB57C27A81ECEAD3072 /* Pods_EncryptFile.framework */,
			);
			name = Frameworks;
			sourceTree = "<group>";
		};
		D4A308B9294E22AE00CAEB5F /* SideMenu */ = {
			isa = PBXGroup;
			children = (
				D4A308BA294E22C200CAEB5F /* NotificationsView.swift */,
				D4FFFD8B2956111F0018C730 /* SettingsView.swift */,
				D4FFFD8D295611FA0018C730 /* SupportView.swift */,
			);
			path = SideMenu;
			sourceTree = "<group>";
		};
		D4F36F4F29086AA300EF7C85 = {
			isa = PBXGroup;
			children = (
				D4F36F5A29086AA300EF7C85 /* EncryptFile */,
				D4F36F5929086AA300EF7C85 /* Products */,
				61DFDEA360CDE2553ACB5C71 /* Frameworks */,
				0A19F29C9B04D17EC16F73E8 /* Pods */,
			);
			sourceTree = "<group>";
		};
		D4F36F5929086AA300EF7C85 /* Products */ = {
			isa = PBXGroup;
			children = (
				D4F36F5829086AA300EF7C85 /* EncryptFile.app */,
			);
			name = Products;
			sourceTree = "<group>";
		};
		D4F36F5A29086AA300EF7C85 /* EncryptFile */ = {
			isa = PBXGroup;
			children = (
				D4FFFD97295761CE0018C730 /* Helpers */,
				2C34F3CE2926616600820FC4 /* Fonts */,
				D4F36F842909B7A000EF7C85 /* Info.plist */,
				236259D32910110B007EC337 /* Models */,
				236259D0291010FC007EC337 /* ViewModels */,
				236259C7291010F0007EC337 /* Views */,
				D4F36F6929086B4700EF7C85 /* Engine */,
				D4F36F5B29086AA300EF7C85 /* EncryptFileApp.swift */,
				D4F36F5D29086AA300EF7C85 /* ContentView.swift */,
				2C34F3CC29254DFA00820FC4 /* SecureFileView.swift */,
				2CEF745729267FB7009663C8 /* FilePreview.swift */,
				D4FFFD8F295629F10018C730 /* RightsView.swift */,
				D4F36F812909AE5A00EF7C85 /* UI */,
				D4F36F75290871E200EF7C85 /* Polygone */,
				D4F36F5F29086AA400EF7C85 /* Assets.xcassets */,
				D4F36F6129086AA400EF7C85 /* Preview Content */,
			);
			path = EncryptFile;
			sourceTree = "<group>";
		};
		D4F36F6129086AA400EF7C85 /* Preview Content */ = {
			isa = PBXGroup;
			children = (
				D4F36F6229086AA400EF7C85 /* Preview Assets.xcassets */,
			);
			path = "Preview Content";
			sourceTree = "<group>";
		};
		D4F36F6929086B4700EF7C85 /* Engine */ = {
			isa = PBXGroup;
			children = (
				2C1BC0B129105E6B00B3AD7C /* public.pem */,
				D4F36F6A29086BC800EF7C85 /* EncryptionEngine.swift */,
				D4F36F7F2909922400EF7C85 /* License.swift */,
				D4F36F782908870900EF7C85 /* FileEngine.swift */,
				D4F36F7D2909500F00EF7C85 /* LocalFileEngine.swift */,
				23F85544294DDC4C0068F285 /* LocalStorageEngine.swift */,
				D4F36F852909D96D00EF7C85 /* MD5.swift */,
				D4F36F872909DA3500EF7C85 /* FileSize.swift */,
				2C1BC0AB290FFD2600B3AD7C /* Settings.swift */,
				23994E782911920E00A832E4 /* Extensions */,
				2C1BC0A8290FFCBA00B3AD7C /* Log */,
				2C1BC0A2290FFC5500B3AD7C /* Network */,
				2C1BC09E290FEFB400B3AD7C /* RSA */,
				2C1BC099290FEE9C00B3AD7C /* Keychain */,
				D4F36F6E29086E6C00EF7C85 /* AES */,
			);
			path = Engine;
			sourceTree = "<group>";
		};
		D4F36F6E29086E6C00EF7C85 /* AES */ = {
			isa = PBXGroup;
			children = (
				D4F36F6C29086E6900EF7C85 /* AES.swift */,
				D4F36F6F29086EA000EF7C85 /* AESHelper.swift */,
			);
			path = AES;
			sourceTree = "<group>";
		};
		D4F36F75290871E200EF7C85 /* Polygone */ = {
			isa = PBXGroup;
			children = (
				D4F36F712908717900EF7C85 /* Polygone.swift */,
				D4F36F73290871DE00EF7C85 /* test.txt */,
			);
			path = Polygone;
			sourceTree = "<group>";
		};
		D4F36F812909AE5A00EF7C85 /* UI */ = {
			isa = PBXGroup;
			children = (
				D4F36F822909AE7100EF7C85 /* FileDocumentStruct.swift */,
				D49D419E2949273A00C66F0E /* ActivityIndicator.swift */,
			);
			path = UI;
			sourceTree = "<group>";
		};
		D4FFFD97295761CE0018C730 /* Helpers */ = {
			isa = PBXGroup;
			children = (
				D4FFFD98295761DA0018C730 /* Defaults.swift */,
			);
			path = Helpers;
			sourceTree = "<group>";
		};
/* End PBXGroup section */

/* Begin PBXNativeTarget section */
		D4F36F5729086AA300EF7C85 /* EncryptFile */ = {
			isa = PBXNativeTarget;
			buildConfigurationList = D4F36F6629086AA400EF7C85 /* Build configuration list for PBXNativeTarget "EncryptFile" */;
			buildPhases = (
				1EC991F3B232DACD2CCCB8B6 /* [CP] Check Pods Manifest.lock */,
				D4F36F5429086AA300EF7C85 /* Sources */,
				D4F36F5529086AA300EF7C85 /* Frameworks */,
				D4F36F5629086AA300EF7C85 /* Resources */,
				376553BFAD24B50C5D6313A6 /* [CP] Embed Pods Frameworks */,
			);
			buildRules = (
			);
			dependencies = (
			);
			name = EncryptFile;
			packageProductDependencies = (
				D4F36F7B2908898000EF7C85 /* ZIPFoundation */,
				2C1BC0A6290FFCA800B3AD7C /* Alamofire */,
				2C75701A292439F20043B464 /* SwiftyJSON */,
			);
			productName = EncryptFile;
			productReference = D4F36F5829086AA300EF7C85 /* EncryptFile.app */;
			productType = "com.apple.product-type.application";
		};
/* End PBXNativeTarget section */

/* Begin PBXProject section */
		D4F36F5029086AA300EF7C85 /* Project object */ = {
			isa = PBXProject;
			attributes = {
				BuildIndependentTargetsInParallel = 1;
				LastSwiftUpdateCheck = 1400;
				LastUpgradeCheck = 1400;
				TargetAttributes = {
					D4F36F5729086AA300EF7C85 = {
						CreatedOnToolsVersion = 14.0.1;
					};
				};
			};
			buildConfigurationList = D4F36F5329086AA300EF7C85 /* Build configuration list for PBXProject "EncryptFile" */;
			compatibilityVersion = "Xcode 14.0";
			developmentRegion = en;
			hasScannedForEncodings = 0;
			knownRegions = (
				en,
				Base,
			);
			mainGroup = D4F36F4F29086AA300EF7C85;
			packageReferences = (
				D4F36F7A2908898000EF7C85 /* XCRemoteSwiftPackageReference "ZIPFoundation" */,
				2C1BC0A5290FFCA800B3AD7C /* XCRemoteSwiftPackageReference "Alamofire" */,
				2C757019292439F20043B464 /* XCRemoteSwiftPackageReference "SwiftyJSON" */,
			);
			productRefGroup = D4F36F5929086AA300EF7C85 /* Products */;
			projectDirPath = "";
			projectRoot = "";
			targets = (
				D4F36F5729086AA300EF7C85 /* EncryptFile */,
			);
		};
/* End PBXProject section */

/* Begin PBXResourcesBuildPhase section */
		D4F36F5629086AA300EF7C85 /* Resources */ = {
			isa = PBXResourcesBuildPhase;
			buildActionMask = 2147483647;
			files = (
				D4F36F6329086AA400EF7C85 /* Preview Assets.xcassets in Resources */,
				2C34F3E52926617B00820FC4 /* Poppins-BlackItalic.ttf in Resources */,
				2C34F3F02926617B00820FC4 /* Poppins-Thin.ttf in Resources */,
				2C34F3EB2926617B00820FC4 /* Poppins-Regular.ttf in Resources */,
				2C34F3E32926617B00820FC4 /* Poppins-LightItalic.ttf in Resources */,
				2C34F3EE2926617B00820FC4 /* Poppins-ExtraLight.ttf in Resources */,
				2C34F3E62926617B00820FC4 /* Poppins-Light.ttf in Resources */,
				2C34F3EC2926617B00820FC4 /* Poppins-ThinItalic.ttf in Resources */,
				2C34F3F32926617B00820FC4 /* Poppins-Italic.ttf in Resources */,
				2C1BC0B229105E6C00B3AD7C /* public.pem in Resources */,
				2C34F3ED2926617B00820FC4 /* Poppins-Bold.ttf in Resources */,
				2C34F3EA2926617B00820FC4 /* Poppins-SemiBoldItalic.ttf in Resources */,
				2C34F3F42926617B00820FC4 /* Poppins-Medium.ttf in Resources */,
				2C34F3E82926617B00820FC4 /* Poppins-SemiBold.ttf in Resources */,
				2C34F3F12926617B00820FC4 /* Poppins-ExtraBoldItalic.ttf in Resources */,
				2C34F3E42926617B00820FC4 /* Poppins-BoldItalic.ttf in Resources */,
				2C34F3F52926617B00820FC4 /* Poppins-ExtraLightItalic.ttf in Resources */,
				D4F36F74290871DE00EF7C85 /* test.txt in Resources */,
				2C34F3F22926617B00820FC4 /* Poppins-ExtraBold.ttf in Resources */,
				2C34F3E92926617B00820FC4 /* Poppins-Black.ttf in Resources */,
				2C34F3E72926617B00820FC4 /* Poppins-MediumItalic.ttf in Resources */,
				D4F36F6029086AA400EF7C85 /* Assets.xcassets in Resources */,
			);
			runOnlyForDeploymentPostprocessing = 0;
		};
/* End PBXResourcesBuildPhase section */

/* Begin PBXShellScriptBuildPhase section */
		1EC991F3B232DACD2CCCB8B6 /* [CP] Check Pods Manifest.lock */ = {
			isa = PBXShellScriptBuildPhase;
			buildActionMask = 2147483647;
			files = (
			);
			inputFileListPaths = (
			);
			inputPaths = (
				"${PODS_PODFILE_DIR_PATH}/Podfile.lock",
				"${PODS_ROOT}/Manifest.lock",
			);
			name = "[CP] Check Pods Manifest.lock";
			outputFileListPaths = (
			);
			outputPaths = (
				"$(DERIVED_FILE_DIR)/Pods-EncryptFile-checkManifestLockResult.txt",
			);
			runOnlyForDeploymentPostprocessing = 0;
			shellPath = /bin/sh;
			shellScript = "diff \"${PODS_PODFILE_DIR_PATH}/Podfile.lock\" \"${PODS_ROOT}/Manifest.lock\" > /dev/null\nif [ $? != 0 ] ; then\n    # print error to STDERR\n    echo \"error: The sandbox is not in sync with the Podfile.lock. Run 'pod install' or update your CocoaPods installation.\" >&2\n    exit 1\nfi\n# This output is used by Xcode 'outputs' to avoid re-running this script phase.\necho \"SUCCESS\" > \"${SCRIPT_OUTPUT_FILE_0}\"\n";
			showEnvVarsInLog = 0;
		};
		376553BFAD24B50C5D6313A6 /* [CP] Embed Pods Frameworks */ = {
			isa = PBXShellScriptBuildPhase;
			buildActionMask = 2147483647;
			files = (
			);
			inputFileListPaths = (
				"${PODS_ROOT}/Target Support Files/Pods-EncryptFile/Pods-EncryptFile-frameworks-${CONFIGURATION}-input-files.xcfilelist",
			);
			name = "[CP] Embed Pods Frameworks";
			outputFileListPaths = (
				"${PODS_ROOT}/Target Support Files/Pods-EncryptFile/Pods-EncryptFile-frameworks-${CONFIGURATION}-output-files.xcfilelist",
			);
			runOnlyForDeploymentPostprocessing = 0;
			shellPath = /bin/sh;
			shellScript = "\"${PODS_ROOT}/Target Support Files/Pods-EncryptFile/Pods-EncryptFile-frameworks.sh\"\n";
			showEnvVarsInLog = 0;
		};
/* End PBXShellScriptBuildPhase section */

/* Begin PBXSourcesBuildPhase section */
		D4F36F5429086AA300EF7C85 /* Sources */ = {
			isa = PBXSourcesBuildPhase;
			buildActionMask = 2147483647;
			files = (
				236259CF291010F0007EC337 /* IconMenuView.swift in Sources */,
				23FFE8DD295844B70018A354 /* TemplateUserView.swift in Sources */,
				23994E7A2911925300A832E4 /* Color+Ext.swift in Sources */,
				236259D52910110B007EC337 /* GroupData.swift in Sources */,
				D4F36F5E29086AA300EF7C85 /* ContentView.swift in Sources */,
				D4F36F7E2909500F00EF7C85 /* LocalFileEngine.swift in Sources */,
				2C75701D2924496C0043B464 /* ADFS.swift in Sources */,
				2C1BC0A4290FFC6700B3AD7C /* Network.swift in Sources */,
				236259CE291010F0007EC337 /* SideMenu.swift in Sources */,
				2C1BC09B290FEEB000B3AD7C /* Keychain.swift in Sources */,
				D4F36F6D29086E6900EF7C85 /* AES.swift in Sources */,
				23E7247E29194DC000ECFA19 /* ProtectionTemplateView.swift in Sources */,
				D4F36F792908870900EF7C85 /* FileEngine.swift in Sources */,
				D4FFFD96295743B70018C730 /* NCRPTAuthSDK.swift in Sources */,
				2C1BC0AC290FFD2600B3AD7C /* Settings.swift in Sources */,
				23E724702917A14100ECFA19 /* ProtectViewModel.swift in Sources */,
				23994E772910F67A00A832E4 /* RegistrationViewModel.swift in Sources */,
				23994E752910F5EB00A832E4 /* LoginView.swift in Sources */,
				D49D419F2949273A00C66F0E /* ActivityIndicator.swift in Sources */,
				23E7247D29194DC000ECFA19 /* UserRightsView.swift in Sources */,
				D4F36F882909DA3500EF7C85 /* FileSize.swift in Sources */,
				D4F36F722908717900EF7C85 /* Polygone.swift in Sources */,
				2CEF745829267FB7009663C8 /* FilePreview.swift in Sources */,
				D4A308B8294E208300CAEB5F /* APINotifications.swift in Sources */,
				236259D2291010FC007EC337 /* GroupViewModel.swift in Sources */,
				2C34F3CD29254DFA00820FC4 /* SecureFileView.swift in Sources */,
				2C1BC0AA290FFCC400B3AD7C /* Log.swift in Sources */,
				23F85543294CC1890068F285 /* Attach.swift in Sources */,
				D4FFFD99295761DA0018C730 /* Defaults.swift in Sources */,
				2C34F3F72926621000820FC4 /* fonts.swift in Sources */,
				23994E732910F5D500A832E4 /* RegistrationView.swift in Sources */,
				23E72481292A124A00ECFA19 /* AllTemplatesView.swift in Sources */,
				D4F36F5C29086AA300EF7C85 /* EncryptFileApp.swift in Sources */,
				D4FFFD8C2956111F0018C730 /* SettingsView.swift in Sources */,
				D4FFFD90295629F10018C730 /* RightsView.swift in Sources */,
				D4FFFD92295740ED0018C730 /* PinView.swift in Sources */,
				23994E7C2911927700A832E4 /* View+Ext.swift in Sources */,
				23E724722918DD5300ECFA19 /* URL+Ext.swift in Sources */,
				236259CD291010F0007EC337 /* GroupsSideView.swift in Sources */,
				23E7247F29194DC000ECFA19 /* TemplateView.swift in Sources */,
				D4FFFD94295742500018C730 /* NCRPTWatchSDK.swift in Sources */,
				D4F36F7029086EA000EF7C85 /* AESHelper.swift in Sources */,
				23F8553F294CC1450068F285 /* Template.swift in Sources */,
				23F85545294DDC4C0068F285 /* LocalStorageEngine.swift in Sources */,
				2C592DB92916946400CC4518 /* Certification.swift in Sources */,
				D4F36F6B29086BC800EF7C85 /* EncryptionEngine.swift in Sources */,
				D4FFFD8E295611FA0018C730 /* SupportView.swift in Sources */,
				D4F36F832909AE7100EF7C85 /* FileDocumentStruct.swift in Sources */,
				2C1BC09D290FEF3F00B3AD7C /* KeychainHelper.swift in Sources */,
				D4F36F802909922400EF7C85 /* License.swift in Sources */,
				2C1BC0A1290FF23000B3AD7C /* RSA.swift in Sources */,
				D4F36F862909D96D00EF7C85 /* MD5.swift in Sources */,
				D4A308BB294E22C200CAEB5F /* NotificationsView.swift in Sources */,
				236259CC291010F0007EC337 /* TeamMenuView.swift in Sources */,
				23F85541294CC15C0068F285 /* User.swift in Sources */,
			);
			runOnlyForDeploymentPostprocessing = 0;
		};
/* End PBXSourcesBuildPhase section */

/* Begin XCBuildConfiguration section */
		D4F36F6429086AA400EF7C85 /* Debug */ = {
			isa = XCBuildConfiguration;
			buildSettings = {
				ALWAYS_SEARCH_USER_PATHS = NO;
				CLANG_ANALYZER_NONNULL = YES;
				CLANG_ANALYZER_NUMBER_OBJECT_CONVERSION = YES_AGGRESSIVE;
				CLANG_CXX_LANGUAGE_STANDARD = "gnu++20";
				CLANG_ENABLE_MODULES = YES;
				CLANG_ENABLE_OBJC_ARC = YES;
				CLANG_ENABLE_OBJC_WEAK = YES;
				CLANG_WARN_BLOCK_CAPTURE_AUTORELEASING = YES;
				CLANG_WARN_BOOL_CONVERSION = YES;
				CLANG_WARN_COMMA = YES;
				CLANG_WARN_CONSTANT_CONVERSION = YES;
				CLANG_WARN_DEPRECATED_OBJC_IMPLEMENTATIONS = YES;
				CLANG_WARN_DIRECT_OBJC_ISA_USAGE = YES_ERROR;
				CLANG_WARN_DOCUMENTATION_COMMENTS = YES;
				CLANG_WARN_EMPTY_BODY = YES;
				CLANG_WARN_ENUM_CONVERSION = YES;
				CLANG_WARN_INFINITE_RECURSION = YES;
				CLANG_WARN_INT_CONVERSION = YES;
				CLANG_WARN_NON_LITERAL_NULL_CONVERSION = YES;
				CLANG_WARN_OBJC_IMPLICIT_RETAIN_SELF = YES;
				CLANG_WARN_OBJC_LITERAL_CONVERSION = YES;
				CLANG_WARN_OBJC_ROOT_CLASS = YES_ERROR;
				CLANG_WARN_QUOTED_INCLUDE_IN_FRAMEWORK_HEADER = YES;
				CLANG_WARN_RANGE_LOOP_ANALYSIS = YES;
				CLANG_WARN_STRICT_PROTOTYPES = YES;
				CLANG_WARN_SUSPICIOUS_MOVE = YES;
				CLANG_WARN_UNGUARDED_AVAILABILITY = YES_AGGRESSIVE;
				CLANG_WARN_UNREACHABLE_CODE = YES;
				CLANG_WARN__DUPLICATE_METHOD_MATCH = YES;
				COPY_PHASE_STRIP = NO;
				DEBUG_INFORMATION_FORMAT = dwarf;
				ENABLE_STRICT_OBJC_MSGSEND = YES;
				ENABLE_TESTABILITY = YES;
				GCC_C_LANGUAGE_STANDARD = gnu11;
				GCC_DYNAMIC_NO_PIC = NO;
				GCC_NO_COMMON_BLOCKS = YES;
				GCC_OPTIMIZATION_LEVEL = 0;
				GCC_PREPROCESSOR_DEFINITIONS = (
					"DEBUG=1",
					"$(inherited)",
				);
				GCC_WARN_64_TO_32_BIT_CONVERSION = YES;
				GCC_WARN_ABOUT_RETURN_TYPE = YES_ERROR;
				GCC_WARN_UNDECLARED_SELECTOR = YES;
				GCC_WARN_UNINITIALIZED_AUTOS = YES_AGGRESSIVE;
				GCC_WARN_UNUSED_FUNCTION = YES;
				GCC_WARN_UNUSED_VARIABLE = YES;
				IPHONEOS_DEPLOYMENT_TARGET = 16.0;
				MTL_ENABLE_DEBUG_INFO = INCLUDE_SOURCE;
				MTL_FAST_MATH = YES;
				ONLY_ACTIVE_ARCH = YES;
				SDKROOT = iphoneos;
				SWIFT_ACTIVE_COMPILATION_CONDITIONS = DEBUG;
				SWIFT_OPTIMIZATION_LEVEL = "-Onone";
			};
			name = Debug;
		};
		D4F36F6529086AA400EF7C85 /* Release */ = {
			isa = XCBuildConfiguration;
			buildSettings = {
				ALWAYS_SEARCH_USER_PATHS = NO;
				CLANG_ANALYZER_NONNULL = YES;
				CLANG_ANALYZER_NUMBER_OBJECT_CONVERSION = YES_AGGRESSIVE;
				CLANG_CXX_LANGUAGE_STANDARD = "gnu++20";
				CLANG_ENABLE_MODULES = YES;
				CLANG_ENABLE_OBJC_ARC = YES;
				CLANG_ENABLE_OBJC_WEAK = YES;
				CLANG_WARN_BLOCK_CAPTURE_AUTORELEASING = YES;
				CLANG_WARN_BOOL_CONVERSION = YES;
				CLANG_WARN_COMMA = YES;
				CLANG_WARN_CONSTANT_CONVERSION = YES;
				CLANG_WARN_DEPRECATED_OBJC_IMPLEMENTATIONS = YES;
				CLANG_WARN_DIRECT_OBJC_ISA_USAGE = YES_ERROR;
				CLANG_WARN_DOCUMENTATION_COMMENTS = YES;
				CLANG_WARN_EMPTY_BODY = YES;
				CLANG_WARN_ENUM_CONVERSION = YES;
				CLANG_WARN_INFINITE_RECURSION = YES;
				CLANG_WARN_INT_CONVERSION = YES;
				CLANG_WARN_NON_LITERAL_NULL_CONVERSION = YES;
				CLANG_WARN_OBJC_IMPLICIT_RETAIN_SELF = YES;
				CLANG_WARN_OBJC_LITERAL_CONVERSION = YES;
				CLANG_WARN_OBJC_ROOT_CLASS = YES_ERROR;
				CLANG_WARN_QUOTED_INCLUDE_IN_FRAMEWORK_HEADER = YES;
				CLANG_WARN_RANGE_LOOP_ANALYSIS = YES;
				CLANG_WARN_STRICT_PROTOTYPES = YES;
				CLANG_WARN_SUSPICIOUS_MOVE = YES;
				CLANG_WARN_UNGUARDED_AVAILABILITY = YES_AGGRESSIVE;
				CLANG_WARN_UNREACHABLE_CODE = YES;
				CLANG_WARN__DUPLICATE_METHOD_MATCH = YES;
				COPY_PHASE_STRIP = NO;
				DEBUG_INFORMATION_FORMAT = "dwarf-with-dsym";
				ENABLE_NS_ASSERTIONS = NO;
				ENABLE_STRICT_OBJC_MSGSEND = YES;
				GCC_C_LANGUAGE_STANDARD = gnu11;
				GCC_NO_COMMON_BLOCKS = YES;
				GCC_WARN_64_TO_32_BIT_CONVERSION = YES;
				GCC_WARN_ABOUT_RETURN_TYPE = YES_ERROR;
				GCC_WARN_UNDECLARED_SELECTOR = YES;
				GCC_WARN_UNINITIALIZED_AUTOS = YES_AGGRESSIVE;
				GCC_WARN_UNUSED_FUNCTION = YES;
				GCC_WARN_UNUSED_VARIABLE = YES;
				IPHONEOS_DEPLOYMENT_TARGET = 16.0;
				MTL_ENABLE_DEBUG_INFO = NO;
				MTL_FAST_MATH = YES;
				SDKROOT = iphoneos;
				SWIFT_COMPILATION_MODE = wholemodule;
				SWIFT_OPTIMIZATION_LEVEL = "-O";
				VALIDATE_PRODUCT = YES;
			};
			name = Release;
		};
		D4F36F6729086AA400EF7C85 /* Debug */ = {
			isa = XCBuildConfiguration;
			baseConfigurationReference = A1D9F4C2828C34ED673B7C13 /* Pods-EncryptFile.debug.xcconfig */;
			buildSettings = {
				ASSETCATALOG_COMPILER_APPICON_NAME = AppIcon;
				ASSETCATALOG_COMPILER_GLOBAL_ACCENT_COLOR_NAME = AccentColor;
				CODE_SIGN_STYLE = Automatic;
				CURRENT_PROJECT_VERSION = 1;
				DEVELOPMENT_ASSET_PATHS = "\"EncryptFile/Preview Content\"";
				DEVELOPMENT_TEAM = GAH72SPMY9;
				ENABLE_PREVIEWS = YES;
				GENERATE_INFOPLIST_FILE = YES;
				INFOPLIST_FILE = EncryptFile/Info.plist;
				INFOPLIST_KEY_CFBundleDisplayName = ncrpt;
				INFOPLIST_KEY_LSApplicationCategoryType = "public.app-category.business";
				INFOPLIST_KEY_UIApplicationSceneManifest_Generation = YES;
				INFOPLIST_KEY_UIApplicationSupportsIndirectInputEvents = YES;
				INFOPLIST_KEY_UILaunchScreen_Generation = YES;
				INFOPLIST_KEY_UISupportedInterfaceOrientations_iPad = "UIInterfaceOrientationPortrait UIInterfaceOrientationPortraitUpsideDown UIInterfaceOrientationLandscapeLeft UIInterfaceOrientationLandscapeRight";
				INFOPLIST_KEY_UISupportedInterfaceOrientations_iPhone = "UIInterfaceOrientationPortrait UIInterfaceOrientationLandscapeLeft UIInterfaceOrientationLandscapeRight";
				INFOPLIST_KEY_UISupportsDocumentBrowser = NO;
				LD_RUNPATH_SEARCH_PATHS = (
					"$(inherited)",
					"@executable_path/Frameworks",
				);
				MARKETING_VERSION = 1.0;
				PRODUCT_BUNDLE_IDENTIFIER = thenoco.co.EncryptFile;
				PRODUCT_NAME = "$(TARGET_NAME)";
				SWIFT_EMIT_LOC_STRINGS = YES;
				SWIFT_VERSION = 5.0;
				TARGETED_DEVICE_FAMILY = "1,2";
			};
			name = Debug;
		};
		D4F36F6829086AA400EF7C85 /* Release */ = {
			isa = XCBuildConfiguration;
			baseConfigurationReference = 3AE40F6516B80AD996D0E26C /* Pods-EncryptFile.release.xcconfig */;
			buildSettings = {
				ASSETCATALOG_COMPILER_APPICON_NAME = AppIcon;
				ASSETCATALOG_COMPILER_GLOBAL_ACCENT_COLOR_NAME = AccentColor;
				CODE_SIGN_STYLE = Automatic;
				CURRENT_PROJECT_VERSION = 1;
				DEVELOPMENT_ASSET_PATHS = "\"EncryptFile/Preview Content\"";
				DEVELOPMENT_TEAM = GAH72SPMY9;
				ENABLE_PREVIEWS = YES;
				GENERATE_INFOPLIST_FILE = YES;
				INFOPLIST_FILE = EncryptFile/Info.plist;
				INFOPLIST_KEY_CFBundleDisplayName = ncrpt;
				INFOPLIST_KEY_LSApplicationCategoryType = "public.app-category.business";
				INFOPLIST_KEY_UIApplicationSceneManifest_Generation = YES;
				INFOPLIST_KEY_UIApplicationSupportsIndirectInputEvents = YES;
				INFOPLIST_KEY_UILaunchScreen_Generation = YES;
				INFOPLIST_KEY_UISupportedInterfaceOrientations_iPad = "UIInterfaceOrientationPortrait UIInterfaceOrientationPortraitUpsideDown UIInterfaceOrientationLandscapeLeft UIInterfaceOrientationLandscapeRight";
				INFOPLIST_KEY_UISupportedInterfaceOrientations_iPhone = "UIInterfaceOrientationPortrait UIInterfaceOrientationLandscapeLeft UIInterfaceOrientationLandscapeRight";
				INFOPLIST_KEY_UISupportsDocumentBrowser = NO;
				LD_RUNPATH_SEARCH_PATHS = (
					"$(inherited)",
					"@executable_path/Frameworks",
				);
				MARKETING_VERSION = 1.0;
				PRODUCT_BUNDLE_IDENTIFIER = thenoco.co.EncryptFile;
				PRODUCT_NAME = "$(TARGET_NAME)";
				SWIFT_EMIT_LOC_STRINGS = YES;
				SWIFT_VERSION = 5.0;
				TARGETED_DEVICE_FAMILY = "1,2";
			};
			name = Release;
		};
/* End XCBuildConfiguration section */

/* Begin XCConfigurationList section */
		D4F36F5329086AA300EF7C85 /* Build configuration list for PBXProject "EncryptFile" */ = {
			isa = XCConfigurationList;
			buildConfigurations = (
				D4F36F6429086AA400EF7C85 /* Debug */,
				D4F36F6529086AA400EF7C85 /* Release */,
			);
			defaultConfigurationIsVisible = 0;
			defaultConfigurationName = Release;
		};
		D4F36F6629086AA400EF7C85 /* Build configuration list for PBXNativeTarget "EncryptFile" */ = {
			isa = XCConfigurationList;
			buildConfigurations = (
				D4F36F6729086AA400EF7C85 /* Debug */,
				D4F36F6829086AA400EF7C85 /* Release */,
			);
			defaultConfigurationIsVisible = 0;
			defaultConfigurationName = Release;
		};
/* End XCConfigurationList section */

/* Begin XCRemoteSwiftPackageReference section */
		2C1BC0A5290FFCA800B3AD7C /* XCRemoteSwiftPackageReference "Alamofire" */ = {
			isa = XCRemoteSwiftPackageReference;
			repositoryURL = "https://github.com/Alamofire/Alamofire.git";
			requirement = {
				branch = master;
				kind = branch;
			};
		};
		2C757019292439F20043B464 /* XCRemoteSwiftPackageReference "SwiftyJSON" */ = {
			isa = XCRemoteSwiftPackageReference;
			repositoryURL = "https://github.com/SwiftyJSON/SwiftyJSON.git";
			requirement = {
				kind = upToNextMajorVersion;
				minimumVersion = 5.0.0;
			};
		};
		D4F36F7A2908898000EF7C85 /* XCRemoteSwiftPackageReference "ZIPFoundation" */ = {
			isa = XCRemoteSwiftPackageReference;
			repositoryURL = "https://github.com/weichsel/ZIPFoundation.git";
			requirement = {
				kind = upToNextMajorVersion;
				minimumVersion = 0.9.9;
			};
		};
/* End XCRemoteSwiftPackageReference section */

/* Begin XCSwiftPackageProductDependency section */
		2C1BC0A6290FFCA800B3AD7C /* Alamofire */ = {
			isa = XCSwiftPackageProductDependency;
			package = 2C1BC0A5290FFCA800B3AD7C /* XCRemoteSwiftPackageReference "Alamofire" */;
			productName = Alamofire;
		};
		2C75701A292439F20043B464 /* SwiftyJSON */ = {
			isa = XCSwiftPackageProductDependency;
			package = 2C757019292439F20043B464 /* XCRemoteSwiftPackageReference "SwiftyJSON" */;
			productName = SwiftyJSON;
		};
		D4F36F7B2908898000EF7C85 /* ZIPFoundation */ = {
			isa = XCSwiftPackageProductDependency;
			package = D4F36F7A2908898000EF7C85 /* XCRemoteSwiftPackageReference "ZIPFoundation" */;
			productName = ZIPFoundation;
		};
/* End XCSwiftPackageProductDependency section */
	};
	rootObject = D4F36F5029086AA300EF7C85 /* Project object */;
}
